{
  "name": "brain-test-plainfiles",
  "version": "1.0.0",
  "lockfileVersion": 3,
  "requires": true,
  "packages": {
    "": {
      "name": "brain-test-plainfiles",
      "version": "1.0.0",
      "license": "ISC",
      "devDependencies": {
        "@logikas/brain": "^1.11.0"
      }
    },
    "node_modules/@logikas/brain": {
      "version": "1.11.0",
      "resolved": "https://registry.npmjs.org/@logikas/brain/-/brain-1.11.0.tgz",
      "integrity": "sha512-oX4AeI7Ne9Mp1tFg0KDNHHBBoY+V7d5iJIoFolEEqMwAxWii0xPLEOCWiTqjV+O/C+YcbyVjvDhT5V181VKS6A==",
      "dev": true,
      "license": "MIT",
      "bin": {
        "brain": "brain/scripts/cli-entry.mjs"
      },
      "engines": {
        "node": ">=22"
      }
    }
  }
}
